// !$*UTF8*$!
{
	archiveVersion = 1;
	classes = {
	};
	objectVersion = 51;
	objects = {

/* Begin PBXBuildFile section */
		AFE590533E062700A021949D /* Pods_vertebrate_classifier.framework in Frameworks */ = {isa = PBXBuildFile; fileRef = 57687DC375AD776C13DF212B /* Pods_vertebrate_classifier.framework */; };
		EB15D03B260C23E0002ADD09 /* AppDelegate.swift in Sources */ = {isa = PBXBuildFile; fileRef = EB15D03A260C23E0002ADD09 /* AppDelegate.swift */; };
		EB15D03D260C23E0002ADD09 /* SceneDelegate.swift in Sources */ = {isa = PBXBuildFile; fileRef = EB15D03C260C23E0002ADD09 /* SceneDelegate.swift */; };
		EB15D03F260C23E0002ADD09 /* HomeVC.swift in Sources */ = {isa = PBXBuildFile; fileRef = EB15D03E260C23E0002ADD09 /* HomeVC.swift */; };
		EB15D042260C23E0002ADD09 /* Main.storyboard in Resources */ = {isa = PBXBuildFile; fileRef = EB15D040260C23E0002ADD09 /* Main.storyboard */; };
		EB15D044260C23E3002ADD09 /* Assets.xcassets in Resources */ = {isa = PBXBuildFile; fileRef = EB15D043260C23E3002ADD09 /* Assets.xcassets */; };
		EB15D047260C23E3002ADD09 /* LaunchScreen.storyboard in Resources */ = {isa = PBXBuildFile; fileRef = EB15D045260C23E3002ADD09 /* LaunchScreen.storyboard */; };
		EB15D050260C24B1002ADD09 /* LoginStoryboard.storyboard in Resources */ = {isa = PBXBuildFile; fileRef = EB15D04F260C24B1002ADD09 /* LoginStoryboard.storyboard */; };
		EBCD7C5D260D04B400D87932 /* GoogleService-Info.plist in Resources */ = {isa = PBXBuildFile; fileRef = EBCD7C5C260D04B400D87932 /* GoogleService-Info.plist */; };
		EBCD7C7D260D0E4A00D87932 /* LoginVC.swift in Sources */ = {isa = PBXBuildFile; fileRef = EBCD7C7C260D0E4A00D87932 /* LoginVC.swift */; };
		EBCD7C81260D0E6100D87932 /* RegisterVC.swift in Sources */ = {isa = PBXBuildFile; fileRef = EBCD7C80260D0E6100D87932 /* RegisterVC.swift */; };
		EBCD7C84260D139800D87932 /* Extensions.swift in Sources */ = {isa = PBXBuildFile; fileRef = EBCD7C83260D139800D87932 /* Extensions.swift */; };
		EBCD7C87260D13CC00D87932 /* Firebase+Utils.swift in Sources */ = {isa = PBXBuildFile; fileRef = EBCD7C86260D13CC00D87932 /* Firebase+Utils.swift */; };
		EBD6EB89260FBA67008F9062 /* HistoryVC.swift in Sources */ = {isa = PBXBuildFile; fileRef = EBD6EB88260FBA66008F9062 /* HistoryVC.swift */; };
		EBD6EB8C260FE84F008F9062 /* HistoryCell.swift in Sources */ = {isa = PBXBuildFile; fileRef = EBD6EB8B260FE84E008F9062 /* HistoryCell.swift */; };
		EBD6EB92260FEAFB008F9062 /* HistoryDataSet.swift in Sources */ = {isa = PBXBuildFile; fileRef = EBD6EB91260FEAFB008F9062 /* HistoryDataSet.swift */; };
		EBD6EB95260FEB8F008F9062 /* HistoryModel.swift in Sources */ = {isa = PBXBuildFile; fileRef = EBD6EB94260FEB8F008F9062 /* HistoryModel.swift */; };
/* End PBXBuildFile section */

/* Begin PBXFileReference section */
		3A7EF9B7CCE1ADBD48A25446 /* Pods-vertebrate-classifier.release.xcconfig */ = {isa = PBXFileReference; includeInIndex = 1; lastKnownFileType = text.xcconfig; name = "Pods-vertebrate-classifier.release.xcconfig"; path = "Target Support Files/Pods-vertebrate-classifier/Pods-vertebrate-classifier.release.xcconfig"; sourceTree = "<group>"; };
		57687DC375AD776C13DF212B /* Pods_vertebrate_classifier.framework */ = {isa = PBXFileReference; explicitFileType = wrapper.framework; includeInIndex = 0; path = Pods_vertebrate_classifier.framework; sourceTree = BUILT_PRODUCTS_DIR; };
		6CC44451390A9F6AE5EF6F4B /* Pods-vertebrate-classifier.debug.xcconfig */ = {isa = PBXFileReference; includeInIndex = 1; lastKnownFileType = text.xcconfig; name = "Pods-vertebrate-classifier.debug.xcconfig"; path = "Target Support Files/Pods-vertebrate-classifier/Pods-vertebrate-classifier.debug.xcconfig"; sourceTree = "<group>"; };
		EB15D037260C23E0002ADD09 /* vertebrate-classifier.app */ = {isa = PBXFileReference; explicitFileType = wrapper.application; includeInIndex = 0; path = "vertebrate-classifier.app"; sourceTree = BUILT_PRODUCTS_DIR; };
		EB15D03A260C23E0002ADD09 /* AppDelegate.swift */ = {isa = PBXFileReference; lastKnownFileType = sourcecode.swift; path = AppDelegate.swift; sourceTree = "<group>"; };
		EB15D03C260C23E0002ADD09 /* SceneDelegate.swift */ = {isa = PBXFileReference; lastKnownFileType = sourcecode.swift; path = SceneDelegate.swift; sourceTree = "<group>"; };
		EB15D03E260C23E0002ADD09 /* HomeVC.swift */ = {isa = PBXFileReference; lastKnownFileType = sourcecode.swift; path = HomeVC.swift; sourceTree = "<group>"; };
		EB15D041260C23E0002ADD09 /* Base */ = {isa = PBXFileReference; lastKnownFileType = file.storyboard; name = Base; path = Base.lproj/Main.storyboard; sourceTree = "<group>"; };
		EB15D043260C23E3002ADD09 /* Assets.xcassets */ = {isa = PBXFileReference; lastKnownFileType = folder.assetcatalog; path = Assets.xcassets; sourceTree = "<group>"; };
		EB15D046260C23E3002ADD09 /* Base */ = {isa = PBXFileReference; lastKnownFileType = file.storyboard; name = Base; path = Base.lproj/LaunchScreen.storyboard; sourceTree = "<group>"; };
		EB15D048260C23E3002ADD09 /* Info.plist */ = {isa = PBXFileReference; lastKnownFileType = text.plist.xml; path = Info.plist; sourceTree = "<group>"; };
		EB15D04F260C24B1002ADD09 /* LoginStoryboard.storyboard */ = {isa = PBXFileReference; lastKnownFileType = file.storyboard; path = LoginStoryboard.storyboard; sourceTree = "<group>"; };
		EBCD7C5C260D04B400D87932 /* GoogleService-Info.plist */ = {isa = PBXFileReference; fileEncoding = 4; lastKnownFileType = text.plist.xml; path = "GoogleService-Info.plist"; sourceTree = "<group>"; };
		EBCD7C7C260D0E4A00D87932 /* LoginVC.swift */ = {isa = PBXFileReference; lastKnownFileType = sourcecode.swift; path = LoginVC.swift; sourceTree = "<group>"; };
		EBCD7C80260D0E6100D87932 /* RegisterVC.swift */ = {isa = PBXFileReference; lastKnownFileType = sourcecode.swift; path = RegisterVC.swift; sourceTree = "<group>"; };
		EBCD7C83260D139800D87932 /* Extensions.swift */ = {isa = PBXFileReference; fileEncoding = 4; lastKnownFileType = sourcecode.swift; path = Extensions.swift; sourceTree = "<group>"; };
		EBCD7C86260D13CC00D87932 /* Firebase+Utils.swift */ = {isa = PBXFileReference; fileEncoding = 4; lastKnownFileType = sourcecode.swift; path = "Firebase+Utils.swift"; sourceTree = "<group>"; };
		EBD6EB88260FBA66008F9062 /* HistoryVC.swift */ = {isa = PBXFileReference; lastKnownFileType = sourcecode.swift; path = HistoryVC.swift; sourceTree = "<group>"; };
		EBD6EB8B260FE84E008F9062 /* HistoryCell.swift */ = {isa = PBXFileReference; lastKnownFileType = sourcecode.swift; path = HistoryCell.swift; sourceTree = "<group>"; };
		EBD6EB91260FEAFB008F9062 /* HistoryDataSet.swift */ = {isa = PBXFileReference; lastKnownFileType = sourcecode.swift; path = HistoryDataSet.swift; sourceTree = "<group>"; };
		EBD6EB94260FEB8F008F9062 /* HistoryModel.swift */ = {isa = PBXFileReference; lastKnownFileType = sourcecode.swift; path = HistoryModel.swift; sourceTree = "<group>"; };
/* End PBXFileReference section */

/* Begin PBXFrameworksBuildPhase section */
		EB15D034260C23E0002ADD09 /* Frameworks */ = {
			isa = PBXFrameworksBuildPhase;
			buildActionMask = 2147483647;
			files = (
				AFE590533E062700A021949D /* Pods_vertebrate_classifier.framework in Frameworks */,
			);
			runOnlyForDeploymentPostprocessing = 0;
		};
/* End PBXFrameworksBuildPhase section */

/* Begin PBXGroup section */
		58E171A169F325F9DCC2C41E /* Pods */ = {
			isa = PBXGroup;
			children = (
				6CC44451390A9F6AE5EF6F4B /* Pods-vertebrate-classifier.debug.xcconfig */,
				3A7EF9B7CCE1ADBD48A25446 /* Pods-vertebrate-classifier.release.xcconfig */,
			);
			path = Pods;
			sourceTree = "<group>";
		};
		9A517515F1BD1C9422296ED2 /* Frameworks */ = {
			isa = PBXGroup;
			children = (
				57687DC375AD776C13DF212B /* Pods_vertebrate_classifier.framework */,
			);
			name = Frameworks;
			sourceTree = "<group>";
		};
		EB15D02E260C23E0002ADD09 = {
			isa = PBXGroup;
			children = (
				EB15D039260C23E0002ADD09 /* vertebrate-classifier */,
				EB15D038260C23E0002ADD09 /* Products */,
				58E171A169F325F9DCC2C41E /* Pods */,
				9A517515F1BD1C9422296ED2 /* Frameworks */,
			);
			sourceTree = "<group>";
		};
		EB15D038260C23E0002ADD09 /* Products */ = {
			isa = PBXGroup;
			children = (
				EB15D037260C23E0002ADD09 /* vertebrate-classifier.app */,
			);
			name = Products;
			sourceTree = "<group>";
		};
		EB15D039260C23E0002ADD09 /* vertebrate-classifier */ = {
			isa = PBXGroup;
			children = (
				EBD6EB9A26101A7C008F9062 /* Storyboards */,
				EBD6EB9926101A62008F9062 /* Data */,
				EBD6EB9726101A17008F9062 /* Models */,
				EBD6EB9826101A2D008F9062 /* View */,
				EBCD7C7B260D0DE800D87932 /* Controllers */,
				EBCD7C83260D139800D87932 /* Extensions.swift */,
				EB15D03A260C23E0002ADD09 /* AppDelegate.swift */,
				EB15D03C260C23E0002ADD09 /* SceneDelegate.swift */,
				EB15D043260C23E3002ADD09 /* Assets.xcassets */,
				EBCD7C5C260D04B400D87932 /* GoogleService-Info.plist */,
				EB15D048260C23E3002ADD09 /* Info.plist */,
			);
			path = "vertebrate-classifier";
			sourceTree = "<group>";
		};
		EBCD7C7B260D0DE800D87932 /* Controllers */ = {
			isa = PBXGroup;
			children = (
				EB15D03E260C23E0002ADD09 /* HomeVC.swift */,
				EBCD7C7C260D0E4A00D87932 /* LoginVC.swift */,
				EBCD7C86260D13CC00D87932 /* Firebase+Utils.swift */,
				EBCD7C80260D0E6100D87932 /* RegisterVC.swift */,
				EBD6EB88260FBA66008F9062 /* HistoryVC.swift */,
			);
			path = Controllers;
			sourceTree = "<group>";
		};
		EBD6EB9726101A17008F9062 /* Models */ = {
			isa = PBXGroup;
			children = (
				EBD6EB94260FEB8F008F9062 /* HistoryModel.swift */,
			);
			path = Models;
			sourceTree = "<group>";
		};
		EBD6EB9826101A2D008F9062 /* View */ = {
			isa = PBXGroup;
			children = (
				EBD6EB8B260FE84E008F9062 /* HistoryCell.swift */,
			);
			path = View;
			sourceTree = "<group>";
		};
		EBD6EB9926101A62008F9062 /* Data */ = {
			isa = PBXGroup;
			children = (
				EBD6EB91260FEAFB008F9062 /* HistoryDataSet.swift */,
			);
			path = Data;
			sourceTree = "<group>";
		};
		EBD6EB9A26101A7C008F9062 /* Storyboards */ = {
			isa = PBXGroup;
			children = (
				EB15D04F260C24B1002ADD09 /* LoginStoryboard.storyboard */,
				EB15D045260C23E3002ADD09 /* LaunchScreen.storyboard */,
				EB15D040260C23E0002ADD09 /* Main.storyboard */,
			);
			path = Storyboards;
			sourceTree = "<group>";
		};
/* End PBXGroup section */

/* Begin PBXNativeTarget section */
		EB15D036260C23E0002ADD09 /* vertebrate-classifier */ = {
			isa = PBXNativeTarget;
			buildConfigurationList = EB15D04B260C23E3002ADD09 /* Build configuration list for PBXNativeTarget "vertebrate-classifier" */;
			buildPhases = (
				DACA90C174C1FEA8A2DD0354 /* [CP] Check Pods Manifest.lock */,
				EB15D033260C23E0002ADD09 /* Sources */,
				EB15D034260C23E0002ADD09 /* Frameworks */,
				EB15D035260C23E0002ADD09 /* Resources */,
				9BB26C447F9C14B451D60F9E /* [CP] Embed Pods Frameworks */,
			);
			buildRules = (
			);
			dependencies = (
			);
			name = "vertebrate-classifier";
			productName = "vertebrate-classifier";
			productReference = EB15D037260C23E0002ADD09 /* vertebrate-classifier.app */;
			productType = "com.apple.product-type.application";
		};
/* End PBXNativeTarget section */

/* Begin PBXProject section */
		EB15D02F260C23E0002ADD09 /* Project object */ = {
			isa = PBXProject;
			attributes = {
				LastSwiftUpdateCheck = 1230;
				LastUpgradeCheck = 1230;
				TargetAttributes = {
					EB15D036260C23E0002ADD09 = {
						CreatedOnToolsVersion = 12.3;
					};
				};
			};
			buildConfigurationList = EB15D032260C23E0002ADD09 /* Build configuration list for PBXProject "vertebrate-classifier" */;
			compatibilityVersion = "Xcode 9.3";
			developmentRegion = en;
			hasScannedForEncodings = 0;
			knownRegions = (
				en,
				Base,
			);
			mainGroup = EB15D02E260C23E0002ADD09;
			productRefGroup = EB15D038260C23E0002ADD09 /* Products */;
			projectDirPath = "";
			projectRoot = "";
			targets = (
				EB15D036260C23E0002ADD09 /* vertebrate-classifier */,
			);
		};
/* End PBXProject section */

/* Begin PBXResourcesBuildPhase section */
		EB15D035260C23E0002ADD09 /* Resources */ = {
			isa = PBXResourcesBuildPhase;
			buildActionMask = 2147483647;
			files = (
				EB15D047260C23E3002ADD09 /* LaunchScreen.storyboard in Resources */,
				EB15D044260C23E3002ADD09 /* Assets.xcassets in Resources */,
				EBCD7C5D260D04B400D87932 /* GoogleService-Info.plist in Resources */,
				EB15D042260C23E0002ADD09 /* Main.storyboard in Resources */,
				EB15D050260C24B1002ADD09 /* LoginStoryboard.storyboard in Resources */,
			);
			runOnlyForDeploymentPostprocessing = 0;
		};
/* End PBXResourcesBuildPhase section */

/* Begin PBXShellScriptBuildPhase section */
		9BB26C447F9C14B451D60F9E /* [CP] Embed Pods Frameworks */ = {
			isa = PBXShellScriptBuildPhase;
			buildActionMask = 2147483647;
			files = (
			);
			inputFileListPaths = (
				"${PODS_ROOT}/Target Support Files/Pods-vertebrate-classifier/Pods-vertebrate-classifier-frameworks-${CONFIGURATION}-input-files.xcfilelist",
			);
			name = "[CP] Embed Pods Frameworks";
			outputFileListPaths = (
				"${PODS_ROOT}/Target Support Files/Pods-vertebrate-classifier/Pods-vertebrate-classifier-frameworks-${CONFIGURATION}-output-files.xcfilelist",
			);
			runOnlyForDeploymentPostprocessing = 0;
			shellPath = /bin/sh;
			shellScript = "\"${PODS_ROOT}/Target Support Files/Pods-vertebrate-classifier/Pods-vertebrate-classifier-frameworks.sh\"\n";
			showEnvVarsInLog = 0;
		};
		DACA90C174C1FEA8A2DD0354 /* [CP] Check Pods Manifest.lock */ = {
			isa = PBXShellScriptBuildPhase;
			buildActionMask = 2147483647;
			files = (
			);
			inputFileListPaths = (
			);
			inputPaths = (
				"${PODS_PODFILE_DIR_PATH}/Podfile.lock",
				"${PODS_ROOT}/Manifest.lock",
			);
			name = "[CP] Check Pods Manifest.lock";
			outputFileListPaths = (
			);
			outputPaths = (
				"$(DERIVED_FILE_DIR)/Pods-vertebrate-classifier-checkManifestLockResult.txt",
			);
			runOnlyForDeploymentPostprocessing = 0;
			shellPath = /bin/sh;
			shellScript = "diff \"${PODS_PODFILE_DIR_PATH}/Podfile.lock\" \"${PODS_ROOT}/Manifest.lock\" > /dev/null\nif [ $? != 0 ] ; then\n    # print error to STDERR\n    echo \"error: The sandbox is not in sync with the Podfile.lock. Run 'pod install' or update your CocoaPods installation.\" >&2\n    exit 1\nfi\n# This output is used by Xcode 'outputs' to avoid re-running this script phase.\necho \"SUCCESS\" > \"${SCRIPT_OUTPUT_FILE_0}\"\n";
			showEnvVarsInLog = 0;
		};
/* End PBXShellScriptBuildPhase section */

/* Begin PBXSourcesBuildPhase section */
		EB15D033260C23E0002ADD09 /* Sources */ = {
			isa = PBXSourcesBuildPhase;
			buildActionMask = 2147483647;
			files = (
				EB15D03F260C23E0002ADD09 /* HomeVC.swift in Sources */,
				EBCD7C84260D139800D87932 /* Extensions.swift in Sources */,
				EB15D03B260C23E0002ADD09 /* AppDelegate.swift in Sources */,
				EBD6EB8C260FE84F008F9062 /* HistoryCell.swift in Sources */,
				EBCD7C7D260D0E4A00D87932 /* LoginVC.swift in Sources */,
				EBD6EB95260FEB8F008F9062 /* HistoryModel.swift in Sources */,
				EB15D03D260C23E0002ADD09 /* SceneDelegate.swift in Sources */,
				EBD6EB89260FBA67008F9062 /* HistoryVC.swift in Sources */,
				EBD6EB92260FEAFB008F9062 /* HistoryDataSet.swift in Sources */,
				EBCD7C87260D13CC00D87932 /* Firebase+Utils.swift in Sources */,
				EBCD7C81260D0E6100D87932 /* RegisterVC.swift in Sources */,
			);
			runOnlyForDeploymentPostprocessing = 0;
		};
/* End PBXSourcesBuildPhase section */

/* Begin PBXVariantGroup section */
		EB15D040260C23E0002ADD09 /* Main.storyboard */ = {
			isa = PBXVariantGroup;
			children = (
				EB15D041260C23E0002ADD09 /* Base */,
			);
			name = Main.storyboard;
			sourceTree = "<group>";
		};
		EB15D045260C23E3002ADD09 /* LaunchScreen.storyboard */ = {
			isa = PBXVariantGroup;
			children = (
				EB15D046260C23E3002ADD09 /* Base */,
			);
			name = LaunchScreen.storyboard;
			sourceTree = "<group>";
		};
/* End PBXVariantGroup section */

/* Begin XCBuildConfiguration section */
		EB15D049260C23E3002ADD09 /* Debug */ = {
			isa = XCBuildConfiguration;
			buildSettings = {
				ALWAYS_SEARCH_USER_PATHS = NO;
				CLANG_ANALYZER_NONNULL = YES;
				CLANG_ANALYZER_NUMBER_OBJECT_CONVERSION = YES_AGGRESSIVE;
				CLANG_CXX_LANGUAGE_STANDARD = "gnu++14";
				CLANG_CXX_LIBRARY = "libc++";
				CLANG_ENABLE_MODULES = YES;
				CLANG_ENABLE_OBJC_ARC = YES;
				CLANG_ENABLE_OBJC_WEAK = YES;
				CLANG_WARN_BLOCK_CAPTURE_AUTORELEASING = YES;
				CLANG_WARN_BOOL_CONVERSION = YES;
				CLANG_WARN_COMMA = YES;
				CLANG_WARN_CONSTANT_CONVERSION = YES;
				CLANG_WARN_DEPRECATED_OBJC_IMPLEMENTATIONS = YES;
				CLANG_WARN_DIRECT_OBJC_ISA_USAGE = YES_ERROR;
				CLANG_WARN_DOCUMENTATION_COMMENTS = YES;
				CLANG_WARN_EMPTY_BODY = YES;
				CLANG_WARN_ENUM_CONVERSION = YES;
				CLANG_WARN_INFINITE_RECURSION = YES;
				CLANG_WARN_INT_CONVERSION = YES;
				CLANG_WARN_NON_LITERAL_NULL_CONVERSION = YES;
				CLANG_WARN_OBJC_IMPLICIT_RETAIN_SELF = YES;
				CLANG_WARN_OBJC_LITERAL_CONVERSION = YES;
				CLANG_WARN_OBJC_ROOT_CLASS = YES_ERROR;
				CLANG_WARN_QUOTED_INCLUDE_IN_FRAMEWORK_HEADER = YES;
				CLANG_WARN_RANGE_LOOP_ANALYSIS = YES;
				CLANG_WARN_STRICT_PROTOTYPES = YES;
				CLANG_WARN_SUSPICIOUS_MOVE = YES;
				CLANG_WARN_UNGUARDED_AVAILABILITY = YES_AGGRESSIVE;
				CLANG_WARN_UNREACHABLE_CODE = YES;
				CLANG_WARN__DUPLICATE_METHOD_MATCH = YES;
				COPY_PHASE_STRIP = NO;
				DEBUG_INFORMATION_FORMAT = dwarf;
				ENABLE_STRICT_OBJC_MSGSEND = YES;
				ENABLE_TESTABILITY = YES;
				GCC_C_LANGUAGE_STANDARD = gnu11;
				GCC_DYNAMIC_NO_PIC = NO;
				GCC_NO_COMMON_BLOCKS = YES;
				GCC_OPTIMIZATION_LEVEL = 0;
				GCC_PREPROCESSOR_DEFINITIONS = (
					"DEBUG=1",
					"$(inherited)",
				);
				GCC_WARN_64_TO_32_BIT_CONVERSION = YES;
				GCC_WARN_ABOUT_RETURN_TYPE = YES_ERROR;
				GCC_WARN_UNDECLARED_SELECTOR = YES;
				GCC_WARN_UNINITIALIZED_AUTOS = YES_AGGRESSIVE;
				GCC_WARN_UNUSED_FUNCTION = YES;
				GCC_WARN_UNUSED_VARIABLE = YES;
				IPHONEOS_DEPLOYMENT_TARGET = 14.3;
				MTL_ENABLE_DEBUG_INFO = INCLUDE_SOURCE;
				MTL_FAST_MATH = YES;
				ONLY_ACTIVE_ARCH = YES;
				SDKROOT = iphoneos;
				SWIFT_ACTIVE_COMPILATION_CONDITIONS = DEBUG;
				SWIFT_OPTIMIZATION_LEVEL = "-Onone";
			};
			name = Debug;
		};
		EB15D04A260C23E3002ADD09 /* Release */ = {
			isa = XCBuildConfiguration;
			buildSettings = {
				ALWAYS_SEARCH_USER_PATHS = NO;
				CLANG_ANALYZER_NONNULL = YES;
				CLANG_ANALYZER_NUMBER_OBJECT_CONVERSION = YES_AGGRESSIVE;
				CLANG_CXX_LANGUAGE_STANDARD = "gnu++14";
				CLANG_CXX_LIBRARY = "libc++";
				CLANG_ENABLE_MODULES = YES;
				CLANG_ENABLE_OBJC_ARC = YES;
				CLANG_ENABLE_OBJC_WEAK = YES;
				CLANG_WARN_BLOCK_CAPTURE_AUTORELEASING = YES;
				CLANG_WARN_BOOL_CONVERSION = YES;
				CLANG_WARN_COMMA = YES;
				CLANG_WARN_CONSTANT_CONVERSION = YES;
				CLANG_WARN_DEPRECATED_OBJC_IMPLEMENTATIONS = YES;
				CLANG_WARN_DIRECT_OBJC_ISA_USAGE = YES_ERROR;
				CLANG_WARN_DOCUMENTATION_COMMENTS = YES;
				CLANG_WARN_EMPTY_BODY = YES;
				CLANG_WARN_ENUM_CONVERSION = YES;
				CLANG_WARN_INFINITE_RECURSION = YES;
				CLANG_WARN_INT_CONVERSION = YES;
				CLANG_WARN_NON_LITERAL_NULL_CONVERSION = YES;
				CLANG_WARN_OBJC_IMPLICIT_RETAIN_SELF = YES;
				CLANG_WARN_OBJC_LITERAL_CONVERSION = YES;
				CLANG_WARN_OBJC_ROOT_CLASS = YES_ERROR;
				CLANG_WARN_QUOTED_INCLUDE_IN_FRAMEWORK_HEADER = YES;
				CLANG_WARN_RANGE_LOOP_ANALYSIS = YES;
				CLANG_WARN_STRICT_PROTOTYPES = YES;
				CLANG_WARN_SUSPICIOUS_MOVE = YES;
				CLANG_WARN_UNGUARDED_AVAILABILITY = YES_AGGRESSIVE;
				CLANG_WARN_UNREACHABLE_CODE = YES;
				CLANG_WARN__DUPLICATE_METHOD_MATCH = YES;
				COPY_PHASE_STRIP = NO;
				DEBUG_INFORMATION_FORMAT = "dwarf-with-dsym";
				ENABLE_NS_ASSERTIONS = NO;
				ENABLE_STRICT_OBJC_MSGSEND = YES;
				GCC_C_LANGUAGE_STANDARD = gnu11;
				GCC_NO_COMMON_BLOCKS = YES;
				GCC_WARN_64_TO_32_BIT_CONVERSION = YES;
				GCC_WARN_ABOUT_RETURN_TYPE = YES_ERROR;
				GCC_WARN_UNDECLARED_SELECTOR = YES;
				GCC_WARN_UNINITIALIZED_AUTOS = YES_AGGRESSIVE;
				GCC_WARN_UNUSED_FUNCTION = YES;
				GCC_WARN_UNUSED_VARIABLE = YES;
				IPHONEOS_DEPLOYMENT_TARGET = 14.3;
				MTL_ENABLE_DEBUG_INFO = NO;
				MTL_FAST_MATH = YES;
				SDKROOT = iphoneos;
				SWIFT_COMPILATION_MODE = wholemodule;
				SWIFT_OPTIMIZATION_LEVEL = "-O";
				VALIDATE_PRODUCT = YES;
			};
			name = Release;
		};
		EB15D04C260C23E3002ADD09 /* Debug */ = {
			isa = XCBuildConfiguration;
			baseConfigurationReference = 6CC44451390A9F6AE5EF6F4B /* Pods-vertebrate-classifier.debug.xcconfig */;
			buildSettings = {
				ASSETCATALOG_COMPILER_APPICON_NAME = AppIcon;
				ASSETCATALOG_COMPILER_GLOBAL_ACCENT_COLOR_NAME = AccentColor;
				CODE_SIGN_STYLE = Automatic;
				DEVELOPMENT_TEAM = 556335494D;
				INFOPLIST_FILE = "vertebrate-classifier/Info.plist";
				LD_RUNPATH_SEARCH_PATHS = (
					"$(inherited)",
					"@executable_path/Frameworks",
				);
				PRODUCT_BUNDLE_IDENTIFIER = "ca.centennialcollege.mobile.vertebrate-classifier";
				PRODUCT_NAME = "$(TARGET_NAME)";
				SWIFT_VERSION = 5.0;
				TARGETED_DEVICE_FAMILY = "1,2";
			};
			name = Debug;
		};
		EB15D04D260C23E3002ADD09 /* Release */ = {
			isa = XCBuildConfiguration;
			baseConfigurationReference = 3A7EF9B7CCE1ADBD48A25446 /* Pods-vertebrate-classifier.release.xcconfig */;
			buildSettings = {
				ASSETCATALOG_COMPILER_APPICON_NAME = AppIcon;
				ASSETCATALOG_COMPILER_GLOBAL_ACCENT_COLOR_NAME = AccentColor;
				CODE_SIGN_STYLE = Automatic;
				DEVELOPMENT_TEAM = 556335494D;
				INFOPLIST_FILE = "vertebrate-classifier/Info.plist";
				LD_RUNPATH_SEARCH_PATHS = (
					"$(inherited)",
					"@executable_path/Frameworks",
				);
				PRODUCT_BUNDLE_IDENTIFIER = "ca.centennialcollege.mobile.vertebrate-classifier";
				PRODUCT_NAME = "$(TARGET_NAME)";
				SWIFT_VERSION = 5.0;
				TARGETED_DEVICE_FAMILY = "1,2";
			};
			name = Release;
		};
/* End XCBuildConfiguration section */

/* Begin XCConfigurationList section */
		EB15D032260C23E0002ADD09 /* Build configuration list for PBXProject "vertebrate-classifier" */ = {
			isa = XCConfigurationList;
			buildConfigurations = (
				EB15D049260C23E3002ADD09 /* Debug */,
				EB15D04A260C23E3002ADD09 /* Release */,
			);
			defaultConfigurationIsVisible = 0;
			defaultConfigurationName = Release;
		};
		EB15D04B260C23E3002ADD09 /* Build configuration list for PBXNativeTarget "vertebrate-classifier" */ = {
			isa = XCConfigurationList;
			buildConfigurations = (
				EB15D04C260C23E3002ADD09 /* Debug */,
				EB15D04D260C23E3002ADD09 /* Release */,
			);
			defaultConfigurationIsVisible = 0;
			defaultConfigurationName = Release;
		};
/* End XCConfigurationList section */
	};
	rootObject = EB15D02F260C23E0002ADD09 /* Project object */;
}
